
Microsoft Visual Studio Solution File, Format Version 12.00
# Visual Studio Version 17
VisualStudioVersion = 17.3.32929.385
MinimumVisualStudioVersion = 10.0.40219.1
Project("{FAE04EC0-301F-11D3-BF4B-00C04F79EFBC}") = "FileTreeHasher", "FileTreeHasher\FileTreeHasher\FileTreeHasher.csproj", "{606D80FD-F056-4AF2-90EC-5900BFDC3B96}"
EndProject
Project("{FAE04EC0-301F-11D3-BF4B-00C04F79EFBC}") = "FileTreeHasher.Linux", "FileTreeHasher\FileTreeHasher.Gtk\FileTreeHasher.Linux.csproj", "{3F2EC39C-3BBF-465B-AEC8-82821FD1B073}"
EndProject
Project("{FAE04EC0-301F-11D3-BF4B-00C04F79EFBC}") = "FileTreeHasher.Mac", "FileTreeHasher\FileTreeHasher.Mac\FileTreeHasher.Mac.csproj", "{77579484-443F-45D6-A332-A2767BEBB511}"
EndProject
Project("{FAE04EC0-301F-11D3-BF4B-00C04F79EFBC}") = "FileTreeHasher.Windows", "FileTreeHasher\FileTreeHasher.Wpf\FileTreeHasher.Windows.csproj", "{AA284D8E-BE52-489A-964B-03CEF104F058}"
EndProject
Global
	GlobalSection(SolutionConfigurationPlatforms) = preSolution
		Debug|Any CPU = Debug|Any CPU
		Release|Any CPU = Release|Any CPU
	EndGlobalSection
	GlobalSection(ProjectConfigurationPlatforms) = postSolution
		{606D80FD-F056-4AF2-90EC-5900BFDC3B96}.Debug|Any CPU.ActiveCfg = Debug|Any CPU
		{606D80FD-F056-4AF2-90EC-5900BFDC3B96}.Debug|Any CPU.Build.0 = Debug|Any CPU
		{606D80FD-F056-4AF2-90EC-5900BFDC3B96}.Release|Any CPU.ActiveCfg = Release|Any CPU
		{606D80FD-F056-4AF2-90EC-5900BFDC3B96}.Release|Any CPU.Build.0 = Release|Any CPU
		{3F2EC39C-3BBF-465B-AEC8-82821FD1B073}.Debug|Any CPU.ActiveCfg = Debug|Any CPU
		{3F2EC39C-3BBF-465B-AEC8-82821FD1B073}.Debug|Any CPU.Build.0 = Debug|Any CPU
		{3F2EC39C-3BBF-465B-AEC8-82821FD1B073}.Release|Any CPU.ActiveCfg = Release|Any CPU
		{3F2EC39C-3BBF-465B-AEC8-82821FD1B073}.Release|Any CPU.Build.0 = Release|Any CPU
		{77579484-443F-45D6-A332-A2767BEBB511}.Debug|Any CPU.ActiveCfg = Debug|Any CPU
		{77579484-443F-45D6-A332-A2767BEBB511}.Debug|Any CPU.Build.0 = Debug|Any CPU
		{77579484-443F-45D6-A332-A2767BEBB511}.Release|Any CPU.ActiveCfg = Release|Any CPU
		{77579484-443F-45D6-A332-A2767BEBB511}.Release|Any CPU.Build.0 = Release|Any CPU
		{AA284D8E-BE52-489A-964B-03CEF104F058}.Debug|Any CPU.ActiveCfg = Debug|Any CPU
		{AA284D8E-BE52-489A-964B-03CEF104F058}.Debug|Any CPU.Build.0 = Debug|Any CPU
		{AA284D8E-BE52-489A-964B-03CEF104F058}.Release|Any CPU.ActiveCfg = Release|Any CPU
		{AA284D8E-BE52-489A-964B-03CEF104F058}.Release|Any CPU.Build.0 = Release|Any CPU
	EndGlobalSection
	GlobalSection(SolutionProperties) = preSolution
		HideSolutionNode = FALSE
	EndGlobalSection
	GlobalSection(ExtensibilityGlobals) = postSolution
		SolutionGuid = {90D6FBD0-F7D2-48C0-898A-CF1194A24491}
	EndGlobalSection
EndGlobal
