
Microsoft Visual Studio Solution File, Format Version 12.00
# Visual Studio Version 17
VisualStudioVersion = 17.3.32929.385
MinimumVisualStudioVersion = 10.0.40219.1
Project("{FAE04EC0-301F-11D3-BF4B-00C04F79EFBC}") = "FileTreeHasher", "FileTreeHasher\FileTreeHasher.csproj", "{46E4468E-CD3F-4879-A8B0-0BFE1404082F}"
EndProject
Global
	GlobalSection(SolutionConfigurationPlatforms) = preSolution
		Debug|Any CPU = Debug|Any CPU
		Release|Any CPU = Release|Any CPU
	EndGlobalSection
	GlobalSection(ProjectConfigurationPlatforms) = postSolution
		{46E4468E-CD3F-4879-A8B0-0BFE1404082F}.Debug|Any CPU.ActiveCfg = Debug|Any CPU
		{46E4468E-CD3F-4879-A8B0-0BFE1404082F}.Debug|Any CPU.Build.0 = Debug|Any CPU
		{46E4468E-CD3F-4879-A8B0-0BFE1404082F}.Release|Any CPU.ActiveCfg = Release|Any CPU
		{46E4468E-CD3F-4879-A8B0-0BFE1404082F}.Release|Any CPU.Build.0 = Release|Any CPU
	EndGlobalSection
	GlobalSection(SolutionProperties) = preSolution
		HideSolutionNode = FALSE
	EndGlobalSection
	GlobalSection(ExtensibilityGlobals) = postSolution
		SolutionGuid = {709BF2D7-792A-4BC6-BF18-F817E5607B4F}
	EndGlobalSection
EndGlobal
